
Microsoft Visual Studio Solution File, Format Version 12.00
# Visual Studio 15
VisualStudioVersion = 15.0.27004.2009
MinimumVisualStudioVersion = 10.0.40219.1
Project("{8BC9CEB8-8B4A-11D0-8D11-00A0C91BC942}") = "prob1644_successive_sum_of_prime_number", "prob1644_successive_sum_of_prime_number.vcxproj", "{A460F9D1-D279-4AAD-9B44-1E8A474B1261}"
EndProject
Global
	GlobalSection(SolutionConfigurationPlatforms) = preSolution
		Debug|x64 = Debug|x64
		Debug|x86 = Debug|x86
		Release|x64 = Release|x64
		Release|x86 = Release|x86
	EndGlobalSection
	GlobalSection(ProjectConfigurationPlatforms) = postSolution
		{A460F9D1-D279-4AAD-9B44-1E8A474B1261}.Debug|x64.ActiveCfg = Debug|x64
		{A460F9D1-D279-4AAD-9B44-1E8A474B1261}.Debug|x64.Build.0 = Debug|x64
		{A460F9D1-D279-4AAD-9B44-1E8A474B1261}.Debug|x86.ActiveCfg = Debug|Win32
		{A460F9D1-D279-4AAD-9B44-1E8A474B1261}.Debug|x86.Build.0 = Debug|Win32
		{A460F9D1-D279-4AAD-9B44-1E8A474B1261}.Release|x64.ActiveCfg = Release|x64
		{A460F9D1-D279-4AAD-9B44-1E8A474B1261}.Release|x64.Build.0 = Release|x64
		{A460F9D1-D279-4AAD-9B44-1E8A474B1261}.Release|x86.ActiveCfg = Release|Win32
		{A460F9D1-D279-4AAD-9B44-1E8A474B1261}.Release|x86.Build.0 = Release|Win32
	EndGlobalSection
	GlobalSection(SolutionProperties) = preSolution
		HideSolutionNode = FALSE
	EndGlobalSection
	GlobalSection(ExtensibilityGlobals) = postSolution
		SolutionGuid = {4F6B02C4-BA66-4C50-B2FF-E9C2D95351D7}
	EndGlobalSection
EndGlobal
