
Microsoft Visual Studio Solution File, Format Version 12.00
# Visual Studio 15
VisualStudioVersion = 15.0.27004.2009
MinimumVisualStudioVersion = 10.0.40219.1
Project("{8BC9CEB8-8B4A-11D0-8D11-00A0C91BC942}") = "prob11727_2_by_n_tyling_2", "prob11727_2_by_n_tyling_2.vcxproj", "{6BD3D489-999B-4CF4-B43C-D163C040C192}"
EndProject
Global
	GlobalSection(SolutionConfigurationPlatforms) = preSolution
		Debug|x64 = Debug|x64
		Debug|x86 = Debug|x86
		Release|x64 = Release|x64
		Release|x86 = Release|x86
	EndGlobalSection
	GlobalSection(ProjectConfigurationPlatforms) = postSolution
		{6BD3D489-999B-4CF4-B43C-D163C040C192}.Debug|x64.ActiveCfg = Debug|x64
		{6BD3D489-999B-4CF4-B43C-D163C040C192}.Debug|x64.Build.0 = Debug|x64
		{6BD3D489-999B-4CF4-B43C-D163C040C192}.Debug|x86.ActiveCfg = Debug|Win32
		{6BD3D489-999B-4CF4-B43C-D163C040C192}.Debug|x86.Build.0 = Debug|Win32
		{6BD3D489-999B-4CF4-B43C-D163C040C192}.Release|x64.ActiveCfg = Release|x64
		{6BD3D489-999B-4CF4-B43C-D163C040C192}.Release|x64.Build.0 = Release|x64
		{6BD3D489-999B-4CF4-B43C-D163C040C192}.Release|x86.ActiveCfg = Release|Win32
		{6BD3D489-999B-4CF4-B43C-D163C040C192}.Release|x86.Build.0 = Release|Win32
	EndGlobalSection
	GlobalSection(SolutionProperties) = preSolution
		HideSolutionNode = FALSE
	EndGlobalSection
	GlobalSection(ExtensibilityGlobals) = postSolution
		SolutionGuid = {3F7A5DC6-0433-493D-8D0E-896425436E88}
	EndGlobalSection
EndGlobal
