
Microsoft Visual Studio Solution File, Format Version 12.00
# Visual Studio 15
VisualStudioVersion = 15.0.28307.136
MinimumVisualStudioVersion = 10.0.40219.1
Project("{8BC9CEB8-8B4A-11D0-8D11-00A0C91BC942}") = "prob2231", "prob2231.vcxproj", "{58724CBC-CB49-4BFC-82FF-790613A05375}"
EndProject
Global
	GlobalSection(SolutionConfigurationPlatforms) = preSolution
		Debug|x64 = Debug|x64
		Debug|x86 = Debug|x86
		Release|x64 = Release|x64
		Release|x86 = Release|x86
	EndGlobalSection
	GlobalSection(ProjectConfigurationPlatforms) = postSolution
		{58724CBC-CB49-4BFC-82FF-790613A05375}.Debug|x64.ActiveCfg = Debug|x64
		{58724CBC-CB49-4BFC-82FF-790613A05375}.Debug|x64.Build.0 = Debug|x64
		{58724CBC-CB49-4BFC-82FF-790613A05375}.Debug|x86.ActiveCfg = Debug|Win32
		{58724CBC-CB49-4BFC-82FF-790613A05375}.Debug|x86.Build.0 = Debug|Win32
		{58724CBC-CB49-4BFC-82FF-790613A05375}.Release|x64.ActiveCfg = Release|x64
		{58724CBC-CB49-4BFC-82FF-790613A05375}.Release|x64.Build.0 = Release|x64
		{58724CBC-CB49-4BFC-82FF-790613A05375}.Release|x86.ActiveCfg = Release|Win32
		{58724CBC-CB49-4BFC-82FF-790613A05375}.Release|x86.Build.0 = Release|Win32
	EndGlobalSection
	GlobalSection(SolutionProperties) = preSolution
		HideSolutionNode = FALSE
	EndGlobalSection
	GlobalSection(ExtensibilityGlobals) = postSolution
		SolutionGuid = {B1C9F9BE-6FCD-4821-B94A-CDF5411786DA}
	EndGlobalSection
EndGlobal
