
Microsoft Visual Studio Solution File, Format Version 12.00
# Visual Studio 15
VisualStudioVersion = 15.0.27004.2009
MinimumVisualStudioVersion = 10.0.40219.1
Project("{8BC9CEB8-8B4A-11D0-8D11-00A0C91BC942}") = "prob7453_for_numbes_whose_sum_is_zero", "prob7453_for_numbes_whose_sum_is_zero.vcxproj", "{16C324E4-E8D8-4C1F-AA04-531FF5E19335}"
EndProject
Global
	GlobalSection(SolutionConfigurationPlatforms) = preSolution
		Debug|x64 = Debug|x64
		Debug|x86 = Debug|x86
		Release|x64 = Release|x64
		Release|x86 = Release|x86
	EndGlobalSection
	GlobalSection(ProjectConfigurationPlatforms) = postSolution
		{16C324E4-E8D8-4C1F-AA04-531FF5E19335}.Debug|x64.ActiveCfg = Debug|x64
		{16C324E4-E8D8-4C1F-AA04-531FF5E19335}.Debug|x64.Build.0 = Debug|x64
		{16C324E4-E8D8-4C1F-AA04-531FF5E19335}.Debug|x86.ActiveCfg = Debug|Win32
		{16C324E4-E8D8-4C1F-AA04-531FF5E19335}.Debug|x86.Build.0 = Debug|Win32
		{16C324E4-E8D8-4C1F-AA04-531FF5E19335}.Release|x64.ActiveCfg = Release|x64
		{16C324E4-E8D8-4C1F-AA04-531FF5E19335}.Release|x64.Build.0 = Release|x64
		{16C324E4-E8D8-4C1F-AA04-531FF5E19335}.Release|x86.ActiveCfg = Release|Win32
		{16C324E4-E8D8-4C1F-AA04-531FF5E19335}.Release|x86.Build.0 = Release|Win32
	EndGlobalSection
	GlobalSection(SolutionProperties) = preSolution
		HideSolutionNode = FALSE
	EndGlobalSection
	GlobalSection(ExtensibilityGlobals) = postSolution
		SolutionGuid = {D3F81842-09FB-4CC4-89A4-390C1E23F0BC}
	EndGlobalSection
EndGlobal
